// !$*UTF8*$!
{
	archiveVersion = 1;
	classes = {
	};
	objectVersion = 56;
	objects = {

/* Begin PBXBuildFile section */
		8C2A4785294099B000033C3D /* CustomerListView.swift in Sources */ = {isa = PBXBuildFile; fileRef = 8C2A4784294099B000033C3D /* CustomerListView.swift */; };
		8C2A4787294099D900033C3D /* CustomerListCellView.swift in Sources */ = {isa = PBXBuildFile; fileRef = 8C2A4786294099D900033C3D /* CustomerListCellView.swift */; };
		8C368B242937597D00862799 /* BookListView.swift in Sources */ = {isa = PBXBuildFile; fileRef = 8C368B232937597D00862799 /* BookListView.swift */; };
		8C9FFFB92939269F0019C4D4 /* AddButton.swift in Sources */ = {isa = PBXBuildFile; fileRef = 8C9FFFB82939269F0019C4D4 /* AddButton.swift */; };
		8CDA3BC8292E2B1900B091E1 /* Book.swift in Sources */ = {isa = PBXBuildFile; fileRef = 8CDA3BC7292E2B1900B091E1 /* Book.swift */; };
		8CDA3BCB292E2BE600B091E1 /* BookListCellView.swift in Sources */ = {isa = PBXBuildFile; fileRef = 8CDA3BCA292E2BE600B091E1 /* BookListCellView.swift */; };
		BA1B253C293754510089D883 /* MainTabView.swift in Sources */ = {isa = PBXBuildFile; fileRef = BA1B253B293754510089D883 /* MainTabView.swift */; };
		BA1B253E293757AE0089D883 /* AccountView.swift in Sources */ = {isa = PBXBuildFile; fileRef = BA1B253D293757AE0089D883 /* AccountView.swift */; };
		BA1B2540293757DE0089D883 /* UserModel.swift in Sources */ = {isa = PBXBuildFile; fileRef = BA1B253F293757DE0089D883 /* UserModel.swift */; };
		BA5A71182903EBE200E9A046 /* ElibraryApp.swift in Sources */ = {isa = PBXBuildFile; fileRef = BA5A71172903EBE200E9A046 /* ElibraryApp.swift */; };
		BA5A711A2903EBE200E9A046 /* ContentView.swift in Sources */ = {isa = PBXBuildFile; fileRef = BA5A71192903EBE200E9A046 /* ContentView.swift */; };
		BA5A711C2903EBE300E9A046 /* Assets.xcassets in Resources */ = {isa = PBXBuildFile; fileRef = BA5A711B2903EBE300E9A046 /* Assets.xcassets */; };
		BA5A711F2903EBE300E9A046 /* Preview Assets.xcassets in Resources */ = {isa = PBXBuildFile; fileRef = BA5A711E2903EBE300E9A046 /* Preview Assets.xcassets */; };
		BAFE17D5292E280A0069E702 /* LoginView.swift in Sources */ = {isa = PBXBuildFile; fileRef = BAFE17D4292E280A0069E702 /* LoginView.swift */; };
		BAFE17D7292E2BED0069E702 /* LoginViewModel.swift in Sources */ = {isa = PBXBuildFile; fileRef = BAFE17D6292E2BED0069E702 /* LoginViewModel.swift */; };
/* End PBXBuildFile section */

/* Begin PBXFileReference section */
		8C2A4784294099B000033C3D /* CustomerListView.swift */ = {isa = PBXFileReference; lastKnownFileType = sourcecode.swift; path = CustomerListView.swift; sourceTree = "<group>"; };
		8C2A4786294099D900033C3D /* CustomerListCellView.swift */ = {isa = PBXFileReference; lastKnownFileType = sourcecode.swift; path = CustomerListCellView.swift; sourceTree = "<group>"; };
		8C368B232937597D00862799 /* BookListView.swift */ = {isa = PBXFileReference; lastKnownFileType = sourcecode.swift; path = BookListView.swift; sourceTree = "<group>"; };
		8C9FFFB82939269F0019C4D4 /* AddButton.swift */ = {isa = PBXFileReference; lastKnownFileType = sourcecode.swift; path = AddButton.swift; sourceTree = "<group>"; };
		8CDA3BC7292E2B1900B091E1 /* Book.swift */ = {isa = PBXFileReference; lastKnownFileType = sourcecode.swift; path = Book.swift; sourceTree = "<group>"; };
		8CDA3BCA292E2BE600B091E1 /* BookListCellView.swift */ = {isa = PBXFileReference; lastKnownFileType = sourcecode.swift; path = BookListCellView.swift; sourceTree = "<group>"; };
		BA1B253B293754510089D883 /* MainTabView.swift */ = {isa = PBXFileReference; lastKnownFileType = sourcecode.swift; path = MainTabView.swift; sourceTree = "<group>"; };
		BA1B253D293757AE0089D883 /* AccountView.swift */ = {isa = PBXFileReference; lastKnownFileType = sourcecode.swift; path = AccountView.swift; sourceTree = "<group>"; };
		BA1B253F293757DE0089D883 /* UserModel.swift */ = {isa = PBXFileReference; lastKnownFileType = sourcecode.swift; path = UserModel.swift; sourceTree = "<group>"; };
		BA5A71142903EBE200E9A046 /* Elibrary.app */ = {isa = PBXFileReference; explicitFileType = wrapper.application; includeInIndex = 0; path = Elibrary.app; sourceTree = BUILT_PRODUCTS_DIR; };
		BA5A71172903EBE200E9A046 /* ElibraryApp.swift */ = {isa = PBXFileReference; lastKnownFileType = sourcecode.swift; path = ElibraryApp.swift; sourceTree = "<group>"; };
		BA5A71192903EBE200E9A046 /* ContentView.swift */ = {isa = PBXFileReference; lastKnownFileType = sourcecode.swift; path = ContentView.swift; sourceTree = "<group>"; };
		BA5A711B2903EBE300E9A046 /* Assets.xcassets */ = {isa = PBXFileReference; lastKnownFileType = folder.assetcatalog; path = Assets.xcassets; sourceTree = "<group>"; };
		BA5A711E2903EBE300E9A046 /* Preview Assets.xcassets */ = {isa = PBXFileReference; lastKnownFileType = folder.assetcatalog; path = "Preview Assets.xcassets"; sourceTree = "<group>"; };
		BAFE17D4292E280A0069E702 /* LoginView.swift */ = {isa = PBXFileReference; lastKnownFileType = sourcecode.swift; name = LoginView.swift; path = Login/LoginView.swift; sourceTree = "<group>"; };
		BAFE17D6292E2BED0069E702 /* LoginViewModel.swift */ = {isa = PBXFileReference; lastKnownFileType = sourcecode.swift; name = LoginViewModel.swift; path = Login/LoginViewModel.swift; sourceTree = "<group>"; };
/* End PBXFileReference section */

/* Begin PBXFrameworksBuildPhase section */
		BA5A71112903EBE200E9A046 /* Frameworks */ = {
			isa = PBXFrameworksBuildPhase;
			buildActionMask = 2147483647;
			files = (
			);
			runOnlyForDeploymentPostprocessing = 0;
		};
/* End PBXFrameworksBuildPhase section */

/* Begin PBXGroup section */
		8C9FFFBA293926EE0019C4D4 /* Components */ = {
			isa = PBXGroup;
			children = (
				8C9FFFB82939269F0019C4D4 /* AddButton.swift */,
			);
			path = Components;
			sourceTree = "<group>";
		};
		8CDA3BC6292E2A6500B091E1 /* Models */ = {
			isa = PBXGroup;
			children = (
				8CDA3BC7292E2B1900B091E1 /* Book.swift */,
			);
			path = Models;
			sourceTree = "<group>";
		};
		8CDA3BC9292E2B9500B091E1 /* Views */ = {
			isa = PBXGroup;
			children = (
				8CDA3BCA292E2BE600B091E1 /* BookListCellView.swift */,
				8C368B232937597D00862799 /* BookListView.swift */,
				8C2A4784294099B000033C3D /* CustomerListView.swift */,
				8C2A4786294099D900033C3D /* CustomerListCellView.swift */,
			);
			path = Views;
			sourceTree = "<group>";
		};
		BA5A710B2903EBE200E9A046 = {
			isa = PBXGroup;
			children = (
				BA5A71162903EBE200E9A046 /* Elibrary */,
				BA5A71152903EBE200E9A046 /* Products */,
			);
			sourceTree = "<group>";
		};
		BA5A71152903EBE200E9A046 /* Products */ = {
			isa = PBXGroup;
			children = (
				BA5A71142903EBE200E9A046 /* Elibrary.app */,
			);
			name = Products;
			sourceTree = "<group>";
		};
		BA5A71162903EBE200E9A046 /* Elibrary */ = {
			isa = PBXGroup;
			children = (
				8C9FFFBA293926EE0019C4D4 /* Components */,
				8CDA3BC9292E2B9500B091E1 /* Views */,
				BA1B253D293757AE0089D883 /* AccountView.swift */,
				BA5A71172903EBE200E9A046 /* ElibraryApp.swift */,
				BA5A71192903EBE200E9A046 /* ContentView.swift */,
				8CDA3BC6292E2A6500B091E1 /* Models */,
				BA5A711B2903EBE300E9A046 /* Assets.xcassets */,
				BA5A711D2903EBE300E9A046 /* Preview Content */,
				BAFE17D4292E280A0069E702 /* LoginView.swift */,
				BAFE17D6292E2BED0069E702 /* LoginViewModel.swift */,
				BA1B253B293754510089D883 /* MainTabView.swift */,
				BA1B253F293757DE0089D883 /* UserModel.swift */,
			);
			path = Elibrary;
			sourceTree = "<group>";
		};
		BA5A711D2903EBE300E9A046 /* Preview Content */ = {
			isa = PBXGroup;
			children = (
				BA5A711E2903EBE300E9A046 /* Preview Assets.xcassets */,
			);
			path = "Preview Content";
			sourceTree = "<group>";
		};
/* End PBXGroup section */

/* Begin PBXNativeTarget section */
		BA5A71132903EBE200E9A046 /* Elibrary */ = {
			isa = PBXNativeTarget;
			buildConfigurationList = BA5A71222903EBE300E9A046 /* Build configuration list for PBXNativeTarget "Elibrary" */;
			buildPhases = (
				BA5A71102903EBE200E9A046 /* Sources */,
				BA5A71112903EBE200E9A046 /* Frameworks */,
				BA5A71122903EBE200E9A046 /* Resources */,
			);
			buildRules = (
			);
			dependencies = (
			);
			name = Elibrary;
			productName = Elibrary;
			productReference = BA5A71142903EBE200E9A046 /* Elibrary.app */;
			productType = "com.apple.product-type.application";
		};
/* End PBXNativeTarget section */

/* Begin PBXProject section */
		BA5A710C2903EBE200E9A046 /* Project object */ = {
			isa = PBXProject;
			attributes = {
				BuildIndependentTargetsInParallel = 1;
				LastSwiftUpdateCheck = 1400;
				LastUpgradeCheck = 1400;
				TargetAttributes = {
					BA5A71132903EBE200E9A046 = {
						CreatedOnToolsVersion = 14.0;
					};
				};
			};
			buildConfigurationList = BA5A710F2903EBE200E9A046 /* Build configuration list for PBXProject "Elibrary" */;
			compatibilityVersion = "Xcode 14.0";
			developmentRegion = en;
			hasScannedForEncodings = 0;
			knownRegions = (
				en,
				Base,
			);
			mainGroup = BA5A710B2903EBE200E9A046;
			productRefGroup = BA5A71152903EBE200E9A046 /* Products */;
			projectDirPath = "";
			projectRoot = "";
			targets = (
				BA5A71132903EBE200E9A046 /* Elibrary */,
			);
		};
/* End PBXProject section */

/* Begin PBXResourcesBuildPhase section */
		BA5A71122903EBE200E9A046 /* Resources */ = {
			isa = PBXResourcesBuildPhase;
			buildActionMask = 2147483647;
			files = (
				BA5A711F2903EBE300E9A046 /* Preview Assets.xcassets in Resources */,
				BA5A711C2903EBE300E9A046 /* Assets.xcassets in Resources */,
			);
			runOnlyForDeploymentPostprocessing = 0;
		};
/* End PBXResourcesBuildPhase section */

/* Begin PBXSourcesBuildPhase section */
		BA5A71102903EBE200E9A046 /* Sources */ = {
			isa = PBXSourcesBuildPhase;
			buildActionMask = 2147483647;
			files = (
				8CDA3BCB292E2BE600B091E1 /* BookListCellView.swift in Sources */,
				8C368B242937597D00862799 /* BookListView.swift in Sources */,
				8C2A4785294099B000033C3D /* CustomerListView.swift in Sources */,
				BA1B253E293757AE0089D883 /* AccountView.swift in Sources */,
				BA1B2540293757DE0089D883 /* UserModel.swift in Sources */,
				BA1B253C293754510089D883 /* MainTabView.swift in Sources */,
				BAFE17D7292E2BED0069E702 /* LoginViewModel.swift in Sources */,
				BAFE17D5292E280A0069E702 /* LoginView.swift in Sources */,
				BA5A711A2903EBE200E9A046 /* ContentView.swift in Sources */,
				BA5A71182903EBE200E9A046 /* ElibraryApp.swift in Sources */,
				8CDA3BC8292E2B1900B091E1 /* Book.swift in Sources */,
				8C2A4787294099D900033C3D /* CustomerListCellView.swift in Sources */,
				8C9FFFB92939269F0019C4D4 /* AddButton.swift in Sources */,
			);
			runOnlyForDeploymentPostprocessing = 0;
		};
/* End PBXSourcesBuildPhase section */

/* Begin XCBuildConfiguration section */
		BA5A71202903EBE300E9A046 /* Debug */ = {
			isa = XCBuildConfiguration;
			buildSettings = {
				ALWAYS_SEARCH_USER_PATHS = NO;
				CLANG_ANALYZER_NONNULL = YES;
				CLANG_ANALYZER_NUMBER_OBJECT_CONVERSION = YES_AGGRESSIVE;
				CLANG_CXX_LANGUAGE_STANDARD = "gnu++20";
				CLANG_ENABLE_MODULES = YES;
				CLANG_ENABLE_OBJC_ARC = YES;
				CLANG_ENABLE_OBJC_WEAK = YES;
				CLANG_WARN_BLOCK_CAPTURE_AUTORELEASING = YES;
				CLANG_WARN_BOOL_CONVERSION = YES;
				CLANG_WARN_COMMA = YES;
				CLANG_WARN_CONSTANT_CONVERSION = YES;
				CLANG_WARN_DEPRECATED_OBJC_IMPLEMENTATIONS = YES;
				CLANG_WARN_DIRECT_OBJC_ISA_USAGE = YES_ERROR;
				CLANG_WARN_DOCUMENTATION_COMMENTS = YES;
				CLANG_WARN_EMPTY_BODY = YES;
				CLANG_WARN_ENUM_CONVERSION = YES;
				CLANG_WARN_INFINITE_RECURSION = YES;
				CLANG_WARN_INT_CONVERSION = YES;
				CLANG_WARN_NON_LITERAL_NULL_CONVERSION = YES;
				CLANG_WARN_OBJC_IMPLICIT_RETAIN_SELF = YES;
				CLANG_WARN_OBJC_LITERAL_CONVERSION = YES;
				CLANG_WARN_OBJC_ROOT_CLASS = YES_ERROR;
				CLANG_WARN_QUOTED_INCLUDE_IN_FRAMEWORK_HEADER = YES;
				CLANG_WARN_RANGE_LOOP_ANALYSIS = YES;
				CLANG_WARN_STRICT_PROTOTYPES = YES;
				CLANG_WARN_SUSPICIOUS_MOVE = YES;
				CLANG_WARN_UNGUARDED_AVAILABILITY = YES_AGGRESSIVE;
				CLANG_WARN_UNREACHABLE_CODE = YES;
				CLANG_WARN__DUPLICATE_METHOD_MATCH = YES;
				COPY_PHASE_STRIP = NO;
				DEBUG_INFORMATION_FORMAT = dwarf;
				ENABLE_STRICT_OBJC_MSGSEND = YES;
				ENABLE_TESTABILITY = YES;
				GCC_C_LANGUAGE_STANDARD = gnu11;
				GCC_DYNAMIC_NO_PIC = NO;
				GCC_NO_COMMON_BLOCKS = YES;
				GCC_OPTIMIZATION_LEVEL = 0;
				GCC_PREPROCESSOR_DEFINITIONS = (
					"DEBUG=1",
					"$(inherited)",
				);
				GCC_WARN_64_TO_32_BIT_CONVERSION = YES;
				GCC_WARN_ABOUT_RETURN_TYPE = YES_ERROR;
				GCC_WARN_UNDECLARED_SELECTOR = YES;
				GCC_WARN_UNINITIALIZED_AUTOS = YES_AGGRESSIVE;
				GCC_WARN_UNUSED_FUNCTION = YES;
				GCC_WARN_UNUSED_VARIABLE = YES;
				IPHONEOS_DEPLOYMENT_TARGET = 16.0;
				MTL_ENABLE_DEBUG_INFO = INCLUDE_SOURCE;
				MTL_FAST_MATH = YES;
				ONLY_ACTIVE_ARCH = YES;
				SDKROOT = iphoneos;
				SWIFT_ACTIVE_COMPILATION_CONDITIONS = DEBUG;
				SWIFT_OPTIMIZATION_LEVEL = "-Onone";
			};
			name = Debug;
		};
		BA5A71212903EBE300E9A046 /* Release */ = {
			isa = XCBuildConfiguration;
			buildSettings = {
				ALWAYS_SEARCH_USER_PATHS = NO;
				CLANG_ANALYZER_NONNULL = YES;
				CLANG_ANALYZER_NUMBER_OBJECT_CONVERSION = YES_AGGRESSIVE;
				CLANG_CXX_LANGUAGE_STANDARD = "gnu++20";
				CLANG_ENABLE_MODULES = YES;
				CLANG_ENABLE_OBJC_ARC = YES;
				CLANG_ENABLE_OBJC_WEAK = YES;
				CLANG_WARN_BLOCK_CAPTURE_AUTORELEASING = YES;
				CLANG_WARN_BOOL_CONVERSION = YES;
				CLANG_WARN_COMMA = YES;
				CLANG_WARN_CONSTANT_CONVERSION = YES;
				CLANG_WARN_DEPRECATED_OBJC_IMPLEMENTATIONS = YES;
				CLANG_WARN_DIRECT_OBJC_ISA_USAGE = YES_ERROR;
				CLANG_WARN_DOCUMENTATION_COMMENTS = YES;
				CLANG_WARN_EMPTY_BODY = YES;
				CLANG_WARN_ENUM_CONVERSION = YES;
				CLANG_WARN_INFINITE_RECURSION = YES;
				CLANG_WARN_INT_CONVERSION = YES;
				CLANG_WARN_NON_LITERAL_NULL_CONVERSION = YES;
				CLANG_WARN_OBJC_IMPLICIT_RETAIN_SELF = YES;
				CLANG_WARN_OBJC_LITERAL_CONVERSION = YES;
				CLANG_WARN_OBJC_ROOT_CLASS = YES_ERROR;
				CLANG_WARN_QUOTED_INCLUDE_IN_FRAMEWORK_HEADER = YES;
				CLANG_WARN_RANGE_LOOP_ANALYSIS = YES;
				CLANG_WARN_STRICT_PROTOTYPES = YES;
				CLANG_WARN_SUSPICIOUS_MOVE = YES;
				CLANG_WARN_UNGUARDED_AVAILABILITY = YES_AGGRESSIVE;
				CLANG_WARN_UNREACHABLE_CODE = YES;
				CLANG_WARN__DUPLICATE_METHOD_MATCH = YES;
				COPY_PHASE_STRIP = NO;
				DEBUG_INFORMATION_FORMAT = "dwarf-with-dsym";
				ENABLE_NS_ASSERTIONS = NO;
				ENABLE_STRICT_OBJC_MSGSEND = YES;
				GCC_C_LANGUAGE_STANDARD = gnu11;
				GCC_NO_COMMON_BLOCKS = YES;
				GCC_WARN_64_TO_32_BIT_CONVERSION = YES;
				GCC_WARN_ABOUT_RETURN_TYPE = YES_ERROR;
				GCC_WARN_UNDECLARED_SELECTOR = YES;
				GCC_WARN_UNINITIALIZED_AUTOS = YES_AGGRESSIVE;
				GCC_WARN_UNUSED_FUNCTION = YES;
				GCC_WARN_UNUSED_VARIABLE = YES;
				IPHONEOS_DEPLOYMENT_TARGET = 16.0;
				MTL_ENABLE_DEBUG_INFO = NO;
				MTL_FAST_MATH = YES;
				SDKROOT = iphoneos;
				SWIFT_COMPILATION_MODE = wholemodule;
				SWIFT_OPTIMIZATION_LEVEL = "-O";
				VALIDATE_PRODUCT = YES;
			};
			name = Release;
		};
		BA5A71232903EBE300E9A046 /* Debug */ = {
			isa = XCBuildConfiguration;
			buildSettings = {
				ASSETCATALOG_COMPILER_APPICON_NAME = AppIcon;
				ASSETCATALOG_COMPILER_GLOBAL_ACCENT_COLOR_NAME = AccentColor;
				CODE_SIGN_STYLE = Automatic;
				CURRENT_PROJECT_VERSION = 1;
				DEVELOPMENT_ASSET_PATHS = "\"Elibrary/Preview Content\"";
				DEVELOPMENT_TEAM = 88VH6J4SMM;
				ENABLE_PREVIEWS = YES;
				GENERATE_INFOPLIST_FILE = YES;
				INFOPLIST_KEY_UIApplicationSceneManifest_Generation = YES;
				INFOPLIST_KEY_UIApplicationSupportsIndirectInputEvents = YES;
				INFOPLIST_KEY_UILaunchScreen_Generation = YES;
				INFOPLIST_KEY_UISupportedInterfaceOrientations_iPad = "UIInterfaceOrientationPortrait UIInterfaceOrientationPortraitUpsideDown UIInterfaceOrientationLandscapeLeft UIInterfaceOrientationLandscapeRight";
				INFOPLIST_KEY_UISupportedInterfaceOrientations_iPhone = "UIInterfaceOrientationPortrait UIInterfaceOrientationLandscapeLeft UIInterfaceOrientationLandscapeRight";
				LD_RUNPATH_SEARCH_PATHS = (
					"$(inherited)",
					"@executable_path/Frameworks",
				);
				MARKETING_VERSION = 1.0;
				PRODUCT_BUNDLE_IDENTIFIER = cz.pavelodstrcilik.Elibrary;
				PRODUCT_NAME = "$(TARGET_NAME)";
				SWIFT_EMIT_LOC_STRINGS = YES;
				SWIFT_VERSION = 5.0;
				TARGETED_DEVICE_FAMILY = "1,2";
			};
			name = Debug;
		};
		BA5A71242903EBE300E9A046 /* Release */ = {
			isa = XCBuildConfiguration;
			buildSettings = {
				ASSETCATALOG_COMPILER_APPICON_NAME = AppIcon;
				ASSETCATALOG_COMPILER_GLOBAL_ACCENT_COLOR_NAME = AccentColor;
				CODE_SIGN_STYLE = Automatic;
				CURRENT_PROJECT_VERSION = 1;
				DEVELOPMENT_ASSET_PATHS = "\"Elibrary/Preview Content\"";
				DEVELOPMENT_TEAM = 88VH6J4SMM;
				ENABLE_PREVIEWS = YES;
				GENERATE_INFOPLIST_FILE = YES;
				INFOPLIST_KEY_UIApplicationSceneManifest_Generation = YES;
				INFOPLIST_KEY_UIApplicationSupportsIndirectInputEvents = YES;
				INFOPLIST_KEY_UILaunchScreen_Generation = YES;
				INFOPLIST_KEY_UISupportedInterfaceOrientations_iPad = "UIInterfaceOrientationPortrait UIInterfaceOrientationPortraitUpsideDown UIInterfaceOrientationLandscapeLeft UIInterfaceOrientationLandscapeRight";
				INFOPLIST_KEY_UISupportedInterfaceOrientations_iPhone = "UIInterfaceOrientationPortrait UIInterfaceOrientationLandscapeLeft UIInterfaceOrientationLandscapeRight";
				LD_RUNPATH_SEARCH_PATHS = (
					"$(inherited)",
					"@executable_path/Frameworks",
				);
				MARKETING_VERSION = 1.0;
				PRODUCT_BUNDLE_IDENTIFIER = cz.pavelodstrcilik.Elibrary;
				PRODUCT_NAME = "$(TARGET_NAME)";
				SWIFT_EMIT_LOC_STRINGS = YES;
				SWIFT_VERSION = 5.0;
				TARGETED_DEVICE_FAMILY = "1,2";
			};
			name = Release;
		};
/* End XCBuildConfiguration section */

/* Begin XCConfigurationList section */
		BA5A710F2903EBE200E9A046 /* Build configuration list for PBXProject "Elibrary" */ = {
			isa = XCConfigurationList;
			buildConfigurations = (
				BA5A71202903EBE300E9A046 /* Debug */,
				BA5A71212903EBE300E9A046 /* Release */,
			);
			defaultConfigurationIsVisible = 0;
			defaultConfigurationName = Release;
		};
		BA5A71222903EBE300E9A046 /* Build configuration list for PBXNativeTarget "Elibrary" */ = {
			isa = XCConfigurationList;
			buildConfigurations = (
				BA5A71232903EBE300E9A046 /* Debug */,
				BA5A71242903EBE300E9A046 /* Release */,
			);
			defaultConfigurationIsVisible = 0;
			defaultConfigurationName = Release;
		};
/* End XCConfigurationList section */
	};
	rootObject = BA5A710C2903EBE200E9A046 /* Project object */;
}
